
Microsoft Visual Studio Solution File, Format Version 12.00
# Visual Studio Version 16
VisualStudioVersion = 16.0.31005.135
MinimumVisualStudioVersion = 10.0.40219.1
Project("{FAE04EC0-301F-11D3-BF4B-00C04F79EFBC}") = "View", "View\View.csproj", "{9A7BBE95-4B17-4B20-B16E-4E3412D71543}"
EndProject
Project("{FAE04EC0-301F-11D3-BF4B-00C04F79EFBC}") = "Model", "Model\Model.csproj", "{E6281979-0B73-4D4A-A879-B222F07A3662}"
EndProject
Project("{FAE04EC0-301F-11D3-BF4B-00C04F79EFBC}") = "ViewModel", "ViewModel\ViewModel.csproj", "{E80B61EB-EB12-4E7B-83C1-E1D81F27D272}"
EndProject
Project("{FAE04EC0-301F-11D3-BF4B-00C04F79EFBC}") = "Cells", "Cells\Cells.csproj", "{41086B46-065C-4480-A60B-AE7B4D62EEF3}"
EndProject
Global
	GlobalSection(SolutionConfigurationPlatforms) = preSolution
		Debug|Any CPU = Debug|Any CPU
		Release|Any CPU = Release|Any CPU
	EndGlobalSection
	GlobalSection(ProjectConfigurationPlatforms) = postSolution
		{9A7BBE95-4B17-4B20-B16E-4E3412D71543}.Debug|Any CPU.ActiveCfg = Debug|Any CPU
		{9A7BBE95-4B17-4B20-B16E-4E3412D71543}.Debug|Any CPU.Build.0 = Debug|Any CPU
		{9A7BBE95-4B17-4B20-B16E-4E3412D71543}.Release|Any CPU.ActiveCfg = Release|Any CPU
		{9A7BBE95-4B17-4B20-B16E-4E3412D71543}.Release|Any CPU.Build.0 = Release|Any CPU
		{E6281979-0B73-4D4A-A879-B222F07A3662}.Debug|Any CPU.ActiveCfg = Debug|Any CPU
		{E6281979-0B73-4D4A-A879-B222F07A3662}.Debug|Any CPU.Build.0 = Debug|Any CPU
		{E6281979-0B73-4D4A-A879-B222F07A3662}.Release|Any CPU.ActiveCfg = Release|Any CPU
		{E6281979-0B73-4D4A-A879-B222F07A3662}.Release|Any CPU.Build.0 = Release|Any CPU
		{E80B61EB-EB12-4E7B-83C1-E1D81F27D272}.Debug|Any CPU.ActiveCfg = Debug|Any CPU
		{E80B61EB-EB12-4E7B-83C1-E1D81F27D272}.Debug|Any CPU.Build.0 = Debug|Any CPU
		{E80B61EB-EB12-4E7B-83C1-E1D81F27D272}.Release|Any CPU.ActiveCfg = Release|Any CPU
		{E80B61EB-EB12-4E7B-83C1-E1D81F27D272}.Release|Any CPU.Build.0 = Release|Any CPU
		{41086B46-065C-4480-A60B-AE7B4D62EEF3}.Debug|Any CPU.ActiveCfg = Debug|Any CPU
		{41086B46-065C-4480-A60B-AE7B4D62EEF3}.Debug|Any CPU.Build.0 = Debug|Any CPU
		{41086B46-065C-4480-A60B-AE7B4D62EEF3}.Release|Any CPU.ActiveCfg = Release|Any CPU
		{41086B46-065C-4480-A60B-AE7B4D62EEF3}.Release|Any CPU.Build.0 = Release|Any CPU
	EndGlobalSection
	GlobalSection(SolutionProperties) = preSolution
		HideSolutionNode = FALSE
	EndGlobalSection
	GlobalSection(ExtensibilityGlobals) = postSolution
		SolutionGuid = {478F7FE9-8779-4E4A-B79E-DE2BE0681CAA}
	EndGlobalSection
EndGlobal
